// !$*UTF8*$!
{
	archiveVersion = 1;
	classes = {
	};
	objectVersion = 55;
	objects = {

/* Begin PBXBuildFile section */
		7B271E6627478AE7002C28A2 /* RankTenApp.swift in Sources */ = {isa = PBXBuildFile; fileRef = 7B271E6527478AE7002C28A2 /* RankTenApp.swift */; };
		7B271E6827478AE7002C28A2 /* ContentView.swift in Sources */ = {isa = PBXBuildFile; fileRef = 7B271E6727478AE7002C28A2 /* ContentView.swift */; };
		7B271E6A27478AE9002C28A2 /* Assets.xcassets in Resources */ = {isa = PBXBuildFile; fileRef = 7B271E6927478AE9002C28A2 /* Assets.xcassets */; };
		7B271E6D27478AE9002C28A2 /* Preview Assets.xcassets in Resources */ = {isa = PBXBuildFile; fileRef = 7B271E6C27478AE9002C28A2 /* Preview Assets.xcassets */; };
		7B271E7727478AE9002C28A2 /* RankTenTests.swift in Sources */ = {isa = PBXBuildFile; fileRef = 7B271E7627478AE9002C28A2 /* RankTenTests.swift */; };
		7B271E8127478AE9002C28A2 /* RankTenUITests.swift in Sources */ = {isa = PBXBuildFile; fileRef = 7B271E8027478AE9002C28A2 /* RankTenUITests.swift */; };
		7B271E8327478AE9002C28A2 /* RankTenUITestsLaunchTests.swift in Sources */ = {isa = PBXBuildFile; fileRef = 7B271E8227478AE9002C28A2 /* RankTenUITestsLaunchTests.swift */; };
		7B271E9327478C32002C28A2 /* Home.swift in Sources */ = {isa = PBXBuildFile; fileRef = 7B271E9227478C32002C28A2 /* Home.swift */; };
		7B271E9527478C3B002C28A2 /* ViewModel.swift in Sources */ = {isa = PBXBuildFile; fileRef = 7B271E9427478C3B002C28A2 /* ViewModel.swift */; };
		7B271E9727478C43002C28A2 /* Model.swift in Sources */ = {isa = PBXBuildFile; fileRef = 7B271E9627478C43002C28A2 /* Model.swift */; };
/* End PBXBuildFile section */

/* Begin PBXContainerItemProxy section */
		7B271E7327478AE9002C28A2 /* PBXContainerItemProxy */ = {
			isa = PBXContainerItemProxy;
			containerPortal = 7B271E5A27478AE7002C28A2 /* Project object */;
			proxyType = 1;
			remoteGlobalIDString = 7B271E6127478AE7002C28A2;
			remoteInfo = RankTen;
		};
		7B271E7D27478AE9002C28A2 /* PBXContainerItemProxy */ = {
			isa = PBXContainerItemProxy;
			containerPortal = 7B271E5A27478AE7002C28A2 /* Project object */;
			proxyType = 1;
			remoteGlobalIDString = 7B271E6127478AE7002C28A2;
			remoteInfo = RankTen;
		};
/* End PBXContainerItemProxy section */

/* Begin PBXFileReference section */
		7B271E6227478AE7002C28A2 /* RankTen.app */ = {isa = PBXFileReference; explicitFileType = wrapper.application; includeInIndex = 0; path = RankTen.app; sourceTree = BUILT_PRODUCTS_DIR; };
		7B271E6527478AE7002C28A2 /* RankTenApp.swift */ = {isa = PBXFileReference; lastKnownFileType = sourcecode.swift; path = RankTenApp.swift; sourceTree = "<group>"; };
		7B271E6727478AE7002C28A2 /* ContentView.swift */ = {isa = PBXFileReference; lastKnownFileType = sourcecode.swift; path = ContentView.swift; sourceTree = "<group>"; };
		7B271E6927478AE9002C28A2 /* Assets.xcassets */ = {isa = PBXFileReference; lastKnownFileType = folder.assetcatalog; path = Assets.xcassets; sourceTree = "<group>"; };
		7B271E6C27478AE9002C28A2 /* Preview Assets.xcassets */ = {isa = PBXFileReference; lastKnownFileType = folder.assetcatalog; path = "Preview Assets.xcassets"; sourceTree = "<group>"; };
		7B271E7227478AE9002C28A2 /* RankTenTests.xctest */ = {isa = PBXFileReference; explicitFileType = wrapper.cfbundle; includeInIndex = 0; path = RankTenTests.xctest; sourceTree = BUILT_PRODUCTS_DIR; };
		7B271E7627478AE9002C28A2 /* RankTenTests.swift */ = {isa = PBXFileReference; lastKnownFileType = sourcecode.swift; path = RankTenTests.swift; sourceTree = "<group>"; };
		7B271E7C27478AE9002C28A2 /* RankTenUITests.xctest */ = {isa = PBXFileReference; explicitFileType = wrapper.cfbundle; includeInIndex = 0; path = RankTenUITests.xctest; sourceTree = BUILT_PRODUCTS_DIR; };
		7B271E8027478AE9002C28A2 /* RankTenUITests.swift */ = {isa = PBXFileReference; lastKnownFileType = sourcecode.swift; path = RankTenUITests.swift; sourceTree = "<group>"; };
		7B271E8227478AE9002C28A2 /* RankTenUITestsLaunchTests.swift */ = {isa = PBXFileReference; lastKnownFileType = sourcecode.swift; path = RankTenUITestsLaunchTests.swift; sourceTree = "<group>"; };
		7B271E9227478C32002C28A2 /* Home.swift */ = {isa = PBXFileReference; lastKnownFileType = sourcecode.swift; path = Home.swift; sourceTree = "<group>"; };
		7B271E9427478C3B002C28A2 /* ViewModel.swift */ = {isa = PBXFileReference; lastKnownFileType = sourcecode.swift; path = ViewModel.swift; sourceTree = "<group>"; };
		7B271E9627478C43002C28A2 /* Model.swift */ = {isa = PBXFileReference; lastKnownFileType = sourcecode.swift; path = Model.swift; sourceTree = "<group>"; };
/* End PBXFileReference section */

/* Begin PBXFrameworksBuildPhase section */
		7B271E5F27478AE7002C28A2 /* Frameworks */ = {
			isa = PBXFrameworksBuildPhase;
			buildActionMask = 2147483647;
			files = (
			);
			runOnlyForDeploymentPostprocessing = 0;
		};
		7B271E6F27478AE9002C28A2 /* Frameworks */ = {
			isa = PBXFrameworksBuildPhase;
			buildActionMask = 2147483647;
			files = (
			);
			runOnlyForDeploymentPostprocessing = 0;
		};
		7B271E7927478AE9002C28A2 /* Frameworks */ = {
			isa = PBXFrameworksBuildPhase;
			buildActionMask = 2147483647;
			files = (
			);
			runOnlyForDeploymentPostprocessing = 0;
		};
/* End PBXFrameworksBuildPhase section */

/* Begin PBXGroup section */
		7B271E5927478AE7002C28A2 = {
			isa = PBXGroup;
			children = (
				7B271E6427478AE7002C28A2 /* RankTen */,
				7B271E7527478AE9002C28A2 /* RankTenTests */,
				7B271E7F27478AE9002C28A2 /* RankTenUITests */,
				7B271E6327478AE7002C28A2 /* Products */,
			);
			sourceTree = "<group>";
		};
		7B271E6327478AE7002C28A2 /* Products */ = {
			isa = PBXGroup;
			children = (
				7B271E6227478AE7002C28A2 /* RankTen.app */,
				7B271E7227478AE9002C28A2 /* RankTenTests.xctest */,
				7B271E7C27478AE9002C28A2 /* RankTenUITests.xctest */,
			);
			name = Products;
			sourceTree = "<group>";
		};
		7B271E6427478AE7002C28A2 /* RankTen */ = {
			isa = PBXGroup;
			children = (
				7B271E9127478C24002C28A2 /* ViewModel */,
				7B271E9027478C1E002C28A2 /* View */,
				7B271E8F27478C11002C28A2 /* Model */,
				7B271E6527478AE7002C28A2 /* RankTenApp.swift */,
				7B271E6727478AE7002C28A2 /* ContentView.swift */,
				7B271E6927478AE9002C28A2 /* Assets.xcassets */,
				7B271E6B27478AE9002C28A2 /* Preview Content */,
			);
			path = RankTen;
			sourceTree = "<group>";
		};
		7B271E6B27478AE9002C28A2 /* Preview Content */ = {
			isa = PBXGroup;
			children = (
				7B271E6C27478AE9002C28A2 /* Preview Assets.xcassets */,
			);
			path = "Preview Content";
			sourceTree = "<group>";
		};
		7B271E7527478AE9002C28A2 /* RankTenTests */ = {
			isa = PBXGroup;
			children = (
				7B271E7627478AE9002C28A2 /* RankTenTests.swift */,
			);
			path = RankTenTests;
			sourceTree = "<group>";
		};
		7B271E7F27478AE9002C28A2 /* RankTenUITests */ = {
			isa = PBXGroup;
			children = (
				7B271E8027478AE9002C28A2 /* RankTenUITests.swift */,
				7B271E8227478AE9002C28A2 /* RankTenUITestsLaunchTests.swift */,
			);
			path = RankTenUITests;
			sourceTree = "<group>";
		};
		7B271E8F27478C11002C28A2 /* Model */ = {
			isa = PBXGroup;
			children = (
				7B271E9627478C43002C28A2 /* Model.swift */,
			);
			path = Model;
			sourceTree = "<group>";
		};
		7B271E9027478C1E002C28A2 /* View */ = {
			isa = PBXGroup;
			children = (
				7B271E9227478C32002C28A2 /* Home.swift */,
			);
			path = View;
			sourceTree = "<group>";
		};
		7B271E9127478C24002C28A2 /* ViewModel */ = {
			isa = PBXGroup;
			children = (
				7B271E9427478C3B002C28A2 /* ViewModel.swift */,
			);
			path = ViewModel;
			sourceTree = "<group>";
		};
/* End PBXGroup section */

/* Begin PBXNativeTarget section */
		7B271E6127478AE7002C28A2 /* RankTen */ = {
			isa = PBXNativeTarget;
			buildConfigurationList = 7B271E8627478AE9002C28A2 /* Build configuration list for PBXNativeTarget "RankTen" */;
			buildPhases = (
				7B271E5E27478AE7002C28A2 /* Sources */,
				7B271E5F27478AE7002C28A2 /* Frameworks */,
				7B271E6027478AE7002C28A2 /* Resources */,
			);
			buildRules = (
			);
			dependencies = (
			);
			name = RankTen;
			productName = RankTen;
			productReference = 7B271E6227478AE7002C28A2 /* RankTen.app */;
			productType = "com.apple.product-type.application";
		};
		7B271E7127478AE9002C28A2 /* RankTenTests */ = {
			isa = PBXNativeTarget;
			buildConfigurationList = 7B271E8927478AE9002C28A2 /* Build configuration list for PBXNativeTarget "RankTenTests" */;
			buildPhases = (
				7B271E6E27478AE9002C28A2 /* Sources */,
				7B271E6F27478AE9002C28A2 /* Frameworks */,
				7B271E7027478AE9002C28A2 /* Resources */,
			);
			buildRules = (
			);
			dependencies = (
				7B271E7427478AE9002C28A2 /* PBXTargetDependency */,
			);
			name = RankTenTests;
			productName = RankTenTests;
			productReference = 7B271E7227478AE9002C28A2 /* RankTenTests.xctest */;
			productType = "com.apple.product-type.bundle.unit-test";
		};
		7B271E7B27478AE9002C28A2 /* RankTenUITests */ = {
			isa = PBXNativeTarget;
			buildConfigurationList = 7B271E8C27478AE9002C28A2 /* Build configuration list for PBXNativeTarget "RankTenUITests" */;
			buildPhases = (
				7B271E7827478AE9002C28A2 /* Sources */,
				7B271E7927478AE9002C28A2 /* Frameworks */,
				7B271E7A27478AE9002C28A2 /* Resources */,
			);
			buildRules = (
			);
			dependencies = (
				7B271E7E27478AE9002C28A2 /* PBXTargetDependency */,
			);
			name = RankTenUITests;
			productName = RankTenUITests;
			productReference = 7B271E7C27478AE9002C28A2 /* RankTenUITests.xctest */;
			productType = "com.apple.product-type.bundle.ui-testing";
		};
/* End PBXNativeTarget section */

/* Begin PBXProject section */
		7B271E5A27478AE7002C28A2 /* Project object */ = {
			isa = PBXProject;
			attributes = {
				BuildIndependentTargetsInParallel = 1;
				LastSwiftUpdateCheck = 1310;
				LastUpgradeCheck = 1310;
				TargetAttributes = {
					7B271E6127478AE7002C28A2 = {
						CreatedOnToolsVersion = 13.1;
					};
					7B271E7127478AE9002C28A2 = {
						CreatedOnToolsVersion = 13.1;
						TestTargetID = 7B271E6127478AE7002C28A2;
					};
					7B271E7B27478AE9002C28A2 = {
						CreatedOnToolsVersion = 13.1;
						TestTargetID = 7B271E6127478AE7002C28A2;
					};
				};
			};
			buildConfigurationList = 7B271E5D27478AE7002C28A2 /* Build configuration list for PBXProject "RankTen" */;
			compatibilityVersion = "Xcode 13.0";
			developmentRegion = en;
			hasScannedForEncodings = 0;
			knownRegions = (
				en,
				Base,
			);
			mainGroup = 7B271E5927478AE7002C28A2;
			productRefGroup = 7B271E6327478AE7002C28A2 /* Products */;
			projectDirPath = "";
			projectRoot = "";
			targets = (
				7B271E6127478AE7002C28A2 /* RankTen */,
				7B271E7127478AE9002C28A2 /* RankTenTests */,
				7B271E7B27478AE9002C28A2 /* RankTenUITests */,
			);
		};
/* End PBXProject section */

/* Begin PBXResourcesBuildPhase section */
		7B271E6027478AE7002C28A2 /* Resources */ = {
			isa = PBXResourcesBuildPhase;
			buildActionMask = 2147483647;
			files = (
				7B271E6D27478AE9002C28A2 /* Preview Assets.xcassets in Resources */,
				7B271E6A27478AE9002C28A2 /* Assets.xcassets in Resources */,
			);
			runOnlyForDeploymentPostprocessing = 0;
		};
		7B271E7027478AE9002C28A2 /* Resources */ = {
			isa = PBXResourcesBuildPhase;
			buildActionMask = 2147483647;
			files = (
			);
			runOnlyForDeploymentPostprocessing = 0;
		};
		7B271E7A27478AE9002C28A2 /* Resources */ = {
			isa = PBXResourcesBuildPhase;
			buildActionMask = 2147483647;
			files = (
			);
			runOnlyForDeploymentPostprocessing = 0;
		};
/* End PBXResourcesBuildPhase section */

/* Begin PBXSourcesBuildPhase section */
		7B271E5E27478AE7002C28A2 /* Sources */ = {
			isa = PBXSourcesBuildPhase;
			buildActionMask = 2147483647;
			files = (
				7B271E9727478C43002C28A2 /* Model.swift in Sources */,
				7B271E6827478AE7002C28A2 /* ContentView.swift in Sources */,
				7B271E9327478C32002C28A2 /* Home.swift in Sources */,
				7B271E9527478C3B002C28A2 /* ViewModel.swift in Sources */,
				7B271E6627478AE7002C28A2 /* RankTenApp.swift in Sources */,
			);
			runOnlyForDeploymentPostprocessing = 0;
		};
		7B271E6E27478AE9002C28A2 /* Sources */ = {
			isa = PBXSourcesBuildPhase;
			buildActionMask = 2147483647;
			files = (
				7B271E7727478AE9002C28A2 /* RankTenTests.swift in Sources */,
			);
			runOnlyForDeploymentPostprocessing = 0;
		};
		7B271E7827478AE9002C28A2 /* Sources */ = {
			isa = PBXSourcesBuildPhase;
			buildActionMask = 2147483647;
			files = (
				7B271E8327478AE9002C28A2 /* RankTenUITestsLaunchTests.swift in Sources */,
				7B271E8127478AE9002C28A2 /* RankTenUITests.swift in Sources */,
			);
			runOnlyForDeploymentPostprocessing = 0;
		};
/* End PBXSourcesBuildPhase section */

/* Begin PBXTargetDependency section */
		7B271E7427478AE9002C28A2 /* PBXTargetDependency */ = {
			isa = PBXTargetDependency;
			target = 7B271E6127478AE7002C28A2 /* RankTen */;
			targetProxy = 7B271E7327478AE9002C28A2 /* PBXContainerItemProxy */;
		};
		7B271E7E27478AE9002C28A2 /* PBXTargetDependency */ = {
			isa = PBXTargetDependency;
			target = 7B271E6127478AE7002C28A2 /* RankTen */;
			targetProxy = 7B271E7D27478AE9002C28A2 /* PBXContainerItemProxy */;
		};
/* End PBXTargetDependency section */

/* Begin XCBuildConfiguration section */
		7B271E8427478AE9002C28A2 /* Debug */ = {
			isa = XCBuildConfiguration;
			buildSettings = {
				ALWAYS_SEARCH_USER_PATHS = NO;
				CLANG_ANALYZER_NONNULL = YES;
				CLANG_ANALYZER_NUMBER_OBJECT_CONVERSION = YES_AGGRESSIVE;
				CLANG_CXX_LANGUAGE_STANDARD = "gnu++17";
				CLANG_CXX_LIBRARY = "libc++";
				CLANG_ENABLE_MODULES = YES;
				CLANG_ENABLE_OBJC_ARC = YES;
				CLANG_ENABLE_OBJC_WEAK = YES;
				CLANG_WARN_BLOCK_CAPTURE_AUTORELEASING = YES;
				CLANG_WARN_BOOL_CONVERSION = YES;
				CLANG_WARN_COMMA = YES;
				CLANG_WARN_CONSTANT_CONVERSION = YES;
				CLANG_WARN_DEPRECATED_OBJC_IMPLEMENTATIONS = YES;
				CLANG_WARN_DIRECT_OBJC_ISA_USAGE = YES_ERROR;
				CLANG_WARN_DOCUMENTATION_COMMENTS = YES;
				CLANG_WARN_EMPTY_BODY = YES;
				CLANG_WARN_ENUM_CONVERSION = YES;
				CLANG_WARN_INFINITE_RECURSION = YES;
				CLANG_WARN_INT_CONVERSION = YES;
				CLANG_WARN_NON_LITERAL_NULL_CONVERSION = YES;
				CLANG_WARN_OBJC_IMPLICIT_RETAIN_SELF = YES;
				CLANG_WARN_OBJC_LITERAL_CONVERSION = YES;
				CLANG_WARN_OBJC_ROOT_CLASS = YES_ERROR;
				CLANG_WARN_QUOTED_INCLUDE_IN_FRAMEWORK_HEADER = YES;
				CLANG_WARN_RANGE_LOOP_ANALYSIS = YES;
				CLANG_WARN_STRICT_PROTOTYPES = YES;
				CLANG_WARN_SUSPICIOUS_MOVE = YES;
				CLANG_WARN_UNGUARDED_AVAILABILITY = YES_AGGRESSIVE;
				CLANG_WARN_UNREACHABLE_CODE = YES;
				CLANG_WARN__DUPLICATE_METHOD_MATCH = YES;
				COPY_PHASE_STRIP = NO;
				DEBUG_INFORMATION_FORMAT = dwarf;
				ENABLE_STRICT_OBJC_MSGSEND = YES;
				ENABLE_TESTABILITY = YES;
				GCC_C_LANGUAGE_STANDARD = gnu11;
				GCC_DYNAMIC_NO_PIC = NO;
				GCC_NO_COMMON_BLOCKS = YES;
				GCC_OPTIMIZATION_LEVEL = 0;
				GCC_PREPROCESSOR_DEFINITIONS = (
					"DEBUG=1",
					"$(inherited)",
				);
				GCC_WARN_64_TO_32_BIT_CONVERSION = YES;
				GCC_WARN_ABOUT_RETURN_TYPE = YES_ERROR;
				GCC_WARN_UNDECLARED_SELECTOR = YES;
				GCC_WARN_UNINITIALIZED_AUTOS = YES_AGGRESSIVE;
				GCC_WARN_UNUSED_FUNCTION = YES;
				GCC_WARN_UNUSED_VARIABLE = YES;
				IPHONEOS_DEPLOYMENT_TARGET = 15.0;
				MTL_ENABLE_DEBUG_INFO = INCLUDE_SOURCE;
				MTL_FAST_MATH = YES;
				ONLY_ACTIVE_ARCH = YES;
				SDKROOT = iphoneos;
				SWIFT_ACTIVE_COMPILATION_CONDITIONS = DEBUG;
				SWIFT_OPTIMIZATION_LEVEL = "-Onone";
			};
			name = Debug;
		};
		7B271E8527478AE9002C28A2 /* Release */ = {
			isa = XCBuildConfiguration;
			buildSettings = {
				ALWAYS_SEARCH_USER_PATHS = NO;
				CLANG_ANALYZER_NONNULL = YES;
				CLANG_ANALYZER_NUMBER_OBJECT_CONVERSION = YES_AGGRESSIVE;
				CLANG_CXX_LANGUAGE_STANDARD = "gnu++17";
				CLANG_CXX_LIBRARY = "libc++";
				CLANG_ENABLE_MODULES = YES;
				CLANG_ENABLE_OBJC_ARC = YES;
				CLANG_ENABLE_OBJC_WEAK = YES;
				CLANG_WARN_BLOCK_CAPTURE_AUTORELEASING = YES;
				CLANG_WARN_BOOL_CONVERSION = YES;
				CLANG_WARN_COMMA = YES;
				CLANG_WARN_CONSTANT_CONVERSION = YES;
				CLANG_WARN_DEPRECATED_OBJC_IMPLEMENTATIONS = YES;
				CLANG_WARN_DIRECT_OBJC_ISA_USAGE = YES_ERROR;
				CLANG_WARN_DOCUMENTATION_COMMENTS = YES;
				CLANG_WARN_EMPTY_BODY = YES;
				CLANG_WARN_ENUM_CONVERSION = YES;
				CLANG_WARN_INFINITE_RECURSION = YES;
				CLANG_WARN_INT_CONVERSION = YES;
				CLANG_WARN_NON_LITERAL_NULL_CONVERSION = YES;
				CLANG_WARN_OBJC_IMPLICIT_RETAIN_SELF = YES;
				CLANG_WARN_OBJC_LITERAL_CONVERSION = YES;
				CLANG_WARN_OBJC_ROOT_CLASS = YES_ERROR;
				CLANG_WARN_QUOTED_INCLUDE_IN_FRAMEWORK_HEADER = YES;
				CLANG_WARN_RANGE_LOOP_ANALYSIS = YES;
				CLANG_WARN_STRICT_PROTOTYPES = YES;
				CLANG_WARN_SUSPICIOUS_MOVE = YES;
				CLANG_WARN_UNGUARDED_AVAILABILITY = YES_AGGRESSIVE;
				CLANG_WARN_UNREACHABLE_CODE = YES;
				CLANG_WARN__DUPLICATE_METHOD_MATCH = YES;
				COPY_PHASE_STRIP = NO;
				DEBUG_INFORMATION_FORMAT = "dwarf-with-dsym";
				ENABLE_NS_ASSERTIONS = NO;
				ENABLE_STRICT_OBJC_MSGSEND = YES;
				GCC_C_LANGUAGE_STANDARD = gnu11;
				GCC_NO_COMMON_BLOCKS = YES;
				GCC_WARN_64_TO_32_BIT_CONVERSION = YES;
				GCC_WARN_ABOUT_RETURN_TYPE = YES_ERROR;
				GCC_WARN_UNDECLARED_SELECTOR = YES;
				GCC_WARN_UNINITIALIZED_AUTOS = YES_AGGRESSIVE;
				GCC_WARN_UNUSED_FUNCTION = YES;
				GCC_WARN_UNUSED_VARIABLE = YES;
				IPHONEOS_DEPLOYMENT_TARGET = 15.0;
				MTL_ENABLE_DEBUG_INFO = NO;
				MTL_FAST_MATH = YES;
				SDKROOT = iphoneos;
				SWIFT_COMPILATION_MODE = wholemodule;
				SWIFT_OPTIMIZATION_LEVEL = "-O";
				VALIDATE_PRODUCT = YES;
			};
			name = Release;
		};
		7B271E8727478AE9002C28A2 /* Debug */ = {
			isa = XCBuildConfiguration;
			buildSettings = {
				ASSETCATALOG_COMPILER_APPICON_NAME = AppIcon;
				ASSETCATALOG_COMPILER_GLOBAL_ACCENT_COLOR_NAME = AccentColor;
				CODE_SIGN_STYLE = Automatic;
				CURRENT_PROJECT_VERSION = 1;
				DEVELOPMENT_ASSET_PATHS = "\"RankTen/Preview Content\"";
				DEVELOPMENT_TEAM = CU767L7FT4;
				ENABLE_PREVIEWS = YES;
				GENERATE_INFOPLIST_FILE = YES;
				INFOPLIST_KEY_UIApplicationSceneManifest_Generation = YES;
				INFOPLIST_KEY_UIApplicationSupportsIndirectInputEvents = YES;
				INFOPLIST_KEY_UILaunchScreen_Generation = YES;
				INFOPLIST_KEY_UISupportedInterfaceOrientations_iPad = "UIInterfaceOrientationPortrait UIInterfaceOrientationPortraitUpsideDown UIInterfaceOrientationLandscapeLeft UIInterfaceOrientationLandscapeRight";
				INFOPLIST_KEY_UISupportedInterfaceOrientations_iPhone = "UIInterfaceOrientationPortrait UIInterfaceOrientationLandscapeLeft UIInterfaceOrientationLandscapeRight";
				LD_RUNPATH_SEARCH_PATHS = (
					"$(inherited)",
					"@executable_path/Frameworks",
				);
				MARKETING_VERSION = 1.0;
				PRODUCT_BUNDLE_IDENTIFIER = iriekenta.RankTen;
				PRODUCT_NAME = "$(TARGET_NAME)";
				SWIFT_EMIT_LOC_STRINGS = YES;
				SWIFT_VERSION = 5.0;
				TARGETED_DEVICE_FAMILY = "1,2";
			};
			name = Debug;
		};
		7B271E8827478AE9002C28A2 /* Release */ = {
			isa = XCBuildConfiguration;
			buildSettings = {
				ASSETCATALOG_COMPILER_APPICON_NAME = AppIcon;
				ASSETCATALOG_COMPILER_GLOBAL_ACCENT_COLOR_NAME = AccentColor;
				CODE_SIGN_STYLE = Automatic;
				CURRENT_PROJECT_VERSION = 1;
				DEVELOPMENT_ASSET_PATHS = "\"RankTen/Preview Content\"";
				DEVELOPMENT_TEAM = CU767L7FT4;
				ENABLE_PREVIEWS = YES;
				GENERATE_INFOPLIST_FILE = YES;
				INFOPLIST_KEY_UIApplicationSceneManifest_Generation = YES;
				INFOPLIST_KEY_UIApplicationSupportsIndirectInputEvents = YES;
				INFOPLIST_KEY_UILaunchScreen_Generation = YES;
				INFOPLIST_KEY_UISupportedInterfaceOrientations_iPad = "UIInterfaceOrientationPortrait UIInterfaceOrientationPortraitUpsideDown UIInterfaceOrientationLandscapeLeft UIInterfaceOrientationLandscapeRight";
				INFOPLIST_KEY_UISupportedInterfaceOrientations_iPhone = "UIInterfaceOrientationPortrait UIInterfaceOrientationLandscapeLeft UIInterfaceOrientationLandscapeRight";
				LD_RUNPATH_SEARCH_PATHS = (
					"$(inherited)",
					"@executable_path/Frameworks",
				);
				MARKETING_VERSION = 1.0;
				PRODUCT_BUNDLE_IDENTIFIER = iriekenta.RankTen;
				PRODUCT_NAME = "$(TARGET_NAME)";
				SWIFT_EMIT_LOC_STRINGS = YES;
				SWIFT_VERSION = 5.0;
				TARGETED_DEVICE_FAMILY = "1,2";
			};
			name = Release;
		};
		7B271E8A27478AE9002C28A2 /* Debug */ = {
			isa = XCBuildConfiguration;
			buildSettings = {
				ALWAYS_EMBED_SWIFT_STANDARD_LIBRARIES = YES;
				BUNDLE_LOADER = "$(TEST_HOST)";
				CODE_SIGN_STYLE = Automatic;
				CURRENT_PROJECT_VERSION = 1;
				DEVELOPMENT_TEAM = CU767L7FT4;
				GENERATE_INFOPLIST_FILE = YES;
				IPHONEOS_DEPLOYMENT_TARGET = 15.0;
				LD_RUNPATH_SEARCH_PATHS = (
					"$(inherited)",
					"@executable_path/Frameworks",
					"@loader_path/Frameworks",
				);
				MARKETING_VERSION = 1.0;
				PRODUCT_BUNDLE_IDENTIFIER = iriekenta.RankTenTests;
				PRODUCT_NAME = "$(TARGET_NAME)";
				SWIFT_EMIT_LOC_STRINGS = NO;
				SWIFT_VERSION = 5.0;
				TARGETED_DEVICE_FAMILY = "1,2";
				TEST_HOST = "$(BUILT_PRODUCTS_DIR)/RankTen.app/RankTen";
			};
			name = Debug;
		};
		7B271E8B27478AE9002C28A2 /* Release */ = {
			isa = XCBuildConfiguration;
			buildSettings = {
				ALWAYS_EMBED_SWIFT_STANDARD_LIBRARIES = YES;
				BUNDLE_LOADER = "$(TEST_HOST)";
				CODE_SIGN_STYLE = Automatic;
				CURRENT_PROJECT_VERSION = 1;
				DEVELOPMENT_TEAM = CU767L7FT4;
				GENERATE_INFOPLIST_FILE = YES;
				IPHONEOS_DEPLOYMENT_TARGET = 15.0;
				LD_RUNPATH_SEARCH_PATHS = (
					"$(inherited)",
					"@executable_path/Frameworks",
					"@loader_path/Frameworks",
				);
				MARKETING_VERSION = 1.0;
				PRODUCT_BUNDLE_IDENTIFIER = iriekenta.RankTenTests;
				PRODUCT_NAME = "$(TARGET_NAME)";
				SWIFT_EMIT_LOC_STRINGS = NO;
				SWIFT_VERSION = 5.0;
				TARGETED_DEVICE_FAMILY = "1,2";
				TEST_HOST = "$(BUILT_PRODUCTS_DIR)/RankTen.app/RankTen";
			};
			name = Release;
		};
		7B271E8D27478AE9002C28A2 /* Debug */ = {
			isa = XCBuildConfiguration;
			buildSettings = {
				ALWAYS_EMBED_SWIFT_STANDARD_LIBRARIES = YES;
				CODE_SIGN_STYLE = Automatic;
				CURRENT_PROJECT_VERSION = 1;
				DEVELOPMENT_TEAM = CU767L7FT4;
				GENERATE_INFOPLIST_FILE = YES;
				LD_RUNPATH_SEARCH_PATHS = (
					"$(inherited)",
					"@executable_path/Frameworks",
					"@loader_path/Frameworks",
				);
				MARKETING_VERSION = 1.0;
				PRODUCT_BUNDLE_IDENTIFIER = iriekenta.RankTenUITests;
				PRODUCT_NAME = "$(TARGET_NAME)";
				SWIFT_EMIT_LOC_STRINGS = NO;
				SWIFT_VERSION = 5.0;
				TARGETED_DEVICE_FAMILY = "1,2";
				TEST_TARGET_NAME = RankTen;
			};
			name = Debug;
		};
		7B271E8E27478AE9002C28A2 /* Release */ = {
			isa = XCBuildConfiguration;
			buildSettings = {
				ALWAYS_EMBED_SWIFT_STANDARD_LIBRARIES = YES;
				CODE_SIGN_STYLE = Automatic;
				CURRENT_PROJECT_VERSION = 1;
				DEVELOPMENT_TEAM = CU767L7FT4;
				GENERATE_INFOPLIST_FILE = YES;
				LD_RUNPATH_SEARCH_PATHS = (
					"$(inherited)",
					"@executable_path/Frameworks",
					"@loader_path/Frameworks",
				);
				MARKETING_VERSION = 1.0;
				PRODUCT_BUNDLE_IDENTIFIER = iriekenta.RankTenUITests;
				PRODUCT_NAME = "$(TARGET_NAME)";
				SWIFT_EMIT_LOC_STRINGS = NO;
				SWIFT_VERSION = 5.0;
				TARGETED_DEVICE_FAMILY = "1,2";
				TEST_TARGET_NAME = RankTen;
			};
			name = Release;
		};
/* End XCBuildConfiguration section */

/* Begin XCConfigurationList section */
		7B271E5D27478AE7002C28A2 /* Build configuration list for PBXProject "RankTen" */ = {
			isa = XCConfigurationList;
			buildConfigurations = (
				7B271E8427478AE9002C28A2 /* Debug */,
				7B271E8527478AE9002C28A2 /* Release */,
			);
			defaultConfigurationIsVisible = 0;
			defaultConfigurationName = Release;
		};
		7B271E8627478AE9002C28A2 /* Build configuration list for PBXNativeTarget "RankTen" */ = {
			isa = XCConfigurationList;
			buildConfigurations = (
				7B271E8727478AE9002C28A2 /* Debug */,
				7B271E8827478AE9002C28A2 /* Release */,
			);
			defaultConfigurationIsVisible = 0;
			defaultConfigurationName = Release;
		};
		7B271E8927478AE9002C28A2 /* Build configuration list for PBXNativeTarget "RankTenTests" */ = {
			isa = XCConfigurationList;
			buildConfigurations = (
				7B271E8A27478AE9002C28A2 /* Debug */,
				7B271E8B27478AE9002C28A2 /* Release */,
			);
			defaultConfigurationIsVisible = 0;
			defaultConfigurationName = Release;
		};
		7B271E8C27478AE9002C28A2 /* Build configuration list for PBXNativeTarget "RankTenUITests" */ = {
			isa = XCConfigurationList;
			buildConfigurations = (
				7B271E8D27478AE9002C28A2 /* Debug */,
				7B271E8E27478AE9002C28A2 /* Release */,
			);
			defaultConfigurationIsVisible = 0;
			defaultConfigurationName = Release;
		};
/* End XCConfigurationList section */
	};
	rootObject = 7B271E5A27478AE7002C28A2 /* Project object */;
}
